
Microsoft Visual Studio Solution File, Format Version 12.00
# Visual Studio Version 17
VisualStudioVersion = 17.7.34024.191
MinimumVisualStudioVersion = 10.0.40219.1
Project("{FAE04EC0-301F-11D3-BF4B-00C04F79EFBC}") = "Flappy_Bird", "Flappy_Bird.csproj", "{F3BA0A2F-92F8-42E0-AEA2-285CD451EA23}"
EndProject
Global
	GlobalSection(SolutionConfigurationPlatforms) = preSolution
		Debug|Any CPU = Debug|Any CPU
		Release|Any CPU = Release|Any CPU
	EndGlobalSection
	GlobalSection(ProjectConfigurationPlatforms) = postSolution
		{F3BA0A2F-92F8-42E0-AEA2-285CD451EA23}.Debug|Any CPU.ActiveCfg = Debug|Any CPU
		{F3BA0A2F-92F8-42E0-AEA2-285CD451EA23}.Debug|Any CPU.Build.0 = Debug|Any CPU
		{F3BA0A2F-92F8-42E0-AEA2-285CD451EA23}.Release|Any CPU.ActiveCfg = Release|Any CPU
		{F3BA0A2F-92F8-42E0-AEA2-285CD451EA23}.Release|Any CPU.Build.0 = Release|Any CPU
	EndGlobalSection
	GlobalSection(SolutionProperties) = preSolution
		HideSolutionNode = FALSE
	EndGlobalSection
	GlobalSection(ExtensibilityGlobals) = postSolution
		SolutionGuid = {2782C1BC-BFB0-4DB1-B145-BB36A9495CC7}
	EndGlobalSection
EndGlobal
